
Microsoft Visual Studio Solution File, Format Version 12.00
# Visual Studio Version 16
VisualStudioVersion = 16.0.30114.105
MinimumVisualStudioVersion = 10.0.40219.1
Project("{FAE04EC0-301F-11D3-BF4B-00C04F79EFBC}") = "R5T.Alamania.Base", "R5T.Alamania.Base\R5T.Alamania.Base.csproj", "{7ECA7E68-CEF6-47C6-ABB7-36032723C795}"
EndProject
Project("{FAE04EC0-301F-11D3-BF4B-00C04F79EFBC}") = "R5T.Alamania.Base.Construction", "R5T.Alamania.Base.Construction\R5T.Alamania.Base.Construction.csproj", "{ED32C577-F9AF-4031-8BBE-ACE0A0FEA984}"
EndProject
Global
	GlobalSection(SolutionConfigurationPlatforms) = preSolution
		Debug|Any CPU = Debug|Any CPU
		Debug|x64 = Debug|x64
		Debug|x86 = Debug|x86
		Release|Any CPU = Release|Any CPU
		Release|x64 = Release|x64
		Release|x86 = Release|x86
	EndGlobalSection
	GlobalSection(SolutionProperties) = preSolution
		HideSolutionNode = FALSE
	EndGlobalSection
	GlobalSection(ProjectConfigurationPlatforms) = postSolution
		{7ECA7E68-CEF6-47C6-ABB7-36032723C795}.Debug|Any CPU.ActiveCfg = Debug|Any CPU
		{7ECA7E68-CEF6-47C6-ABB7-36032723C795}.Debug|Any CPU.Build.0 = Debug|Any CPU
		{7ECA7E68-CEF6-47C6-ABB7-36032723C795}.Debug|x64.ActiveCfg = Debug|Any CPU
		{7ECA7E68-CEF6-47C6-ABB7-36032723C795}.Debug|x64.Build.0 = Debug|Any CPU
		{7ECA7E68-CEF6-47C6-ABB7-36032723C795}.Debug|x86.ActiveCfg = Debug|Any CPU
		{7ECA7E68-CEF6-47C6-ABB7-36032723C795}.Debug|x86.Build.0 = Debug|Any CPU
		{7ECA7E68-CEF6-47C6-ABB7-36032723C795}.Release|Any CPU.ActiveCfg = Release|Any CPU
		{7ECA7E68-CEF6-47C6-ABB7-36032723C795}.Release|Any CPU.Build.0 = Release|Any CPU
		{7ECA7E68-CEF6-47C6-ABB7-36032723C795}.Release|x64.ActiveCfg = Release|Any CPU
		{7ECA7E68-CEF6-47C6-ABB7-36032723C795}.Release|x64.Build.0 = Release|Any CPU
		{7ECA7E68-CEF6-47C6-ABB7-36032723C795}.Release|x86.ActiveCfg = Release|Any CPU
		{7ECA7E68-CEF6-47C6-ABB7-36032723C795}.Release|x86.Build.0 = Release|Any CPU
		{ED32C577-F9AF-4031-8BBE-ACE0A0FEA984}.Debug|Any CPU.ActiveCfg = Debug|Any CPU
		{ED32C577-F9AF-4031-8BBE-ACE0A0FEA984}.Debug|Any CPU.Build.0 = Debug|Any CPU
		{ED32C577-F9AF-4031-8BBE-ACE0A0FEA984}.Debug|x64.ActiveCfg = Debug|Any CPU
		{ED32C577-F9AF-4031-8BBE-ACE0A0FEA984}.Debug|x64.Build.0 = Debug|Any CPU
		{ED32C577-F9AF-4031-8BBE-ACE0A0FEA984}.Debug|x86.ActiveCfg = Debug|Any CPU
		{ED32C577-F9AF-4031-8BBE-ACE0A0FEA984}.Debug|x86.Build.0 = Debug|Any CPU
		{ED32C577-F9AF-4031-8BBE-ACE0A0FEA984}.Release|Any CPU.ActiveCfg = Release|Any CPU
		{ED32C577-F9AF-4031-8BBE-ACE0A0FEA984}.Release|Any CPU.Build.0 = Release|Any CPU
		{ED32C577-F9AF-4031-8BBE-ACE0A0FEA984}.Release|x64.ActiveCfg = Release|Any CPU
		{ED32C577-F9AF-4031-8BBE-ACE0A0FEA984}.Release|x64.Build.0 = Release|Any CPU
		{ED32C577-F9AF-4031-8BBE-ACE0A0FEA984}.Release|x86.ActiveCfg = Release|Any CPU
		{ED32C577-F9AF-4031-8BBE-ACE0A0FEA984}.Release|x86.Build.0 = Release|Any CPU
	EndGlobalSection
EndGlobal
